
Microsoft Visual Studio Solution File, Format Version 12.00
# Visual Studio Version 17
VisualStudioVersion = 17.13.35716.79
MinimumVisualStudioVersion = 10.0.40219.1
Project("{FAE04EC0-301F-11D3-BF4B-00C04F79EFBC}") = "Starwars.App.BlazorServerApp", "Starwars.App.BlazorServerApp\Starwars.App.BlazorServerApp.csproj", "{C79D69F2-A49E-430D-A964-3C429A265831}"
EndProject
Project("{FAE04EC0-301F-11D3-BF4B-00C04F79EFBC}") = "Starwars.Aspire.AppHost", "Starwars.Aspire.AppHost\Starwars.Aspire.AppHost.csproj", "{EDDAF22A-385B-44D2-8278-66E7372B0AF5}"
EndProject
Project("{FAE04EC0-301F-11D3-BF4B-00C04F79EFBC}") = "Starwars.Aspire.ServiceDefaults", "Starwars.Aspire.ServiceDefaults\Starwars.Aspire.ServiceDefaults.csproj", "{6424347B-8FB7-4BDC-8ABA-C940D5A14885}"
EndProject
Project("{FAE04EC0-301F-11D3-BF4B-00C04F79EFBC}") = "Starwars.ReverseProxy", "Starwars.ReverseProxy\Starwars.ReverseProxy.csproj", "{C3FA1C02-A14C-E9CE-28BC-12F97D3022D0}"
EndProject
Global
	GlobalSection(SolutionConfigurationPlatforms) = preSolution
		Debug|Any CPU = Debug|Any CPU
		Release|Any CPU = Release|Any CPU
	EndGlobalSection
	GlobalSection(ProjectConfigurationPlatforms) = postSolution
		{C79D69F2-A49E-430D-A964-3C429A265831}.Debug|Any CPU.ActiveCfg = Debug|Any CPU
		{C79D69F2-A49E-430D-A964-3C429A265831}.Debug|Any CPU.Build.0 = Debug|Any CPU
		{C79D69F2-A49E-430D-A964-3C429A265831}.Release|Any CPU.ActiveCfg = Release|Any CPU
		{C79D69F2-A49E-430D-A964-3C429A265831}.Release|Any CPU.Build.0 = Release|Any CPU
		{EDDAF22A-385B-44D2-8278-66E7372B0AF5}.Debug|Any CPU.ActiveCfg = Debug|Any CPU
		{EDDAF22A-385B-44D2-8278-66E7372B0AF5}.Debug|Any CPU.Build.0 = Debug|Any CPU
		{EDDAF22A-385B-44D2-8278-66E7372B0AF5}.Release|Any CPU.ActiveCfg = Release|Any CPU
		{EDDAF22A-385B-44D2-8278-66E7372B0AF5}.Release|Any CPU.Build.0 = Release|Any CPU
		{6424347B-8FB7-4BDC-8ABA-C940D5A14885}.Debug|Any CPU.ActiveCfg = Debug|Any CPU
		{6424347B-8FB7-4BDC-8ABA-C940D5A14885}.Debug|Any CPU.Build.0 = Debug|Any CPU
		{6424347B-8FB7-4BDC-8ABA-C940D5A14885}.Release|Any CPU.ActiveCfg = Release|Any CPU
		{6424347B-8FB7-4BDC-8ABA-C940D5A14885}.Release|Any CPU.Build.0 = Release|Any CPU
		{C3FA1C02-A14C-E9CE-28BC-12F97D3022D0}.Debug|Any CPU.ActiveCfg = Debug|Any CPU
		{C3FA1C02-A14C-E9CE-28BC-12F97D3022D0}.Debug|Any CPU.Build.0 = Debug|Any CPU
		{C3FA1C02-A14C-E9CE-28BC-12F97D3022D0}.Release|Any CPU.ActiveCfg = Release|Any CPU
		{C3FA1C02-A14C-E9CE-28BC-12F97D3022D0}.Release|Any CPU.Build.0 = Release|Any CPU
	EndGlobalSection
	GlobalSection(SolutionProperties) = preSolution
		HideSolutionNode = FALSE
	EndGlobalSection
	GlobalSection(ExtensibilityGlobals) = postSolution
		SolutionGuid = {E54AA208-C25E-4497-A9D8-F250743B8792}
	EndGlobalSection
EndGlobal
